
Microsoft Visual Studio Solution File, Format Version 12.00
# Visual Studio 15
VisualStudioVersion = 15.0.33919.361
MinimumVisualStudioVersion = 10.0.40219.1
Project("{F184B08F-C81C-45F6-A57F-5ABD9991F28F}") = "InteropVB", "InteropVB\InteropVB.vbproj", "{755075F1-66F0-46F5-A8FF-8E2DFE83F017}"
EndProject
Global
	GlobalSection(SolutionConfigurationPlatforms) = preSolution
		Debug|Any CPU = Debug|Any CPU
		Release|Any CPU = Release|Any CPU
	EndGlobalSection
	GlobalSection(ProjectConfigurationPlatforms) = postSolution
		{755075F1-66F0-46F5-A8FF-8E2DFE83F017}.Debug|Any CPU.ActiveCfg = Debug|Any CPU
		{755075F1-66F0-46F5-A8FF-8E2DFE83F017}.Debug|Any CPU.Build.0 = Debug|Any CPU
		{755075F1-66F0-46F5-A8FF-8E2DFE83F017}.Release|Any CPU.ActiveCfg = Release|Any CPU
		{755075F1-66F0-46F5-A8FF-8E2DFE83F017}.Release|Any CPU.Build.0 = Release|Any CPU
	EndGlobalSection
	GlobalSection(SolutionProperties) = preSolution
		HideSolutionNode = FALSE
	EndGlobalSection
	GlobalSection(ExtensibilityGlobals) = postSolution
		SolutionGuid = {CC32A24C-1F5A-4180-AD29-28C91BF88E30}
	EndGlobalSection
EndGlobal
